
Microsoft Visual Studio Solution File, Format Version 12.00
# Visual Studio 15
VisualStudioVersion = 15.0.28307.2092
MinimumVisualStudioVersion = 10.0.40219.1
Project("{FAE04EC0-301F-11D3-BF4B-00C04F79EFBC}") = "WebApplicationGridView", "WebApplicationGridView\WebApplicationGridView.csproj", "{66EC2E17-48BB-4D04-989F-F67689E64476}"
EndProject
Project("{2150E333-8FDC-42A3-9474-1A3956D46DE8}") = "BAL", "BAL", "{8A58945C-1E28-4A08-A9AD-906C2A780364}"
EndProject
Project("{FAE04EC0-301F-11D3-BF4B-00C04F79EFBC}") = "Bal", "Bal\Bal.csproj", "{F4E0A6FC-E841-4070-93C5-290D7B084CD6}"
EndProject
Project("{2150E333-8FDC-42A3-9474-1A3956D46DE8}") = "DAL", "DAL", "{A0F9948B-203F-4E4A-B330-F46B29C65186}"
EndProject
Project("{FAE04EC0-301F-11D3-BF4B-00C04F79EFBC}") = "Dal", "Dal\Dal.csproj", "{A1D79EDB-24A9-4E72-896E-4D3CA05600EF}"
EndProject
Project("{2150E333-8FDC-42A3-9474-1A3956D46DE8}") = "MODEL", "MODEL", "{46225400-60F6-42B0-97B7-B0D3FEB57416}"
EndProject
Project("{FAE04EC0-301F-11D3-BF4B-00C04F79EFBC}") = "Model", "Model\Model.csproj", "{836F1341-07F1-4D1B-B433-7CC2FB999934}"
EndProject
Global
	GlobalSection(SolutionConfigurationPlatforms) = preSolution
		Debug|Any CPU = Debug|Any CPU
		Release|Any CPU = Release|Any CPU
	EndGlobalSection
	GlobalSection(ProjectConfigurationPlatforms) = postSolution
		{66EC2E17-48BB-4D04-989F-F67689E64476}.Debug|Any CPU.ActiveCfg = Debug|Any CPU
		{66EC2E17-48BB-4D04-989F-F67689E64476}.Debug|Any CPU.Build.0 = Debug|Any CPU
		{66EC2E17-48BB-4D04-989F-F67689E64476}.Release|Any CPU.ActiveCfg = Release|Any CPU
		{66EC2E17-48BB-4D04-989F-F67689E64476}.Release|Any CPU.Build.0 = Release|Any CPU
		{F4E0A6FC-E841-4070-93C5-290D7B084CD6}.Debug|Any CPU.ActiveCfg = Debug|Any CPU
		{F4E0A6FC-E841-4070-93C5-290D7B084CD6}.Debug|Any CPU.Build.0 = Debug|Any CPU
		{F4E0A6FC-E841-4070-93C5-290D7B084CD6}.Release|Any CPU.ActiveCfg = Release|Any CPU
		{F4E0A6FC-E841-4070-93C5-290D7B084CD6}.Release|Any CPU.Build.0 = Release|Any CPU
		{A1D79EDB-24A9-4E72-896E-4D3CA05600EF}.Debug|Any CPU.ActiveCfg = Debug|Any CPU
		{A1D79EDB-24A9-4E72-896E-4D3CA05600EF}.Debug|Any CPU.Build.0 = Debug|Any CPU
		{A1D79EDB-24A9-4E72-896E-4D3CA05600EF}.Release|Any CPU.ActiveCfg = Release|Any CPU
		{A1D79EDB-24A9-4E72-896E-4D3CA05600EF}.Release|Any CPU.Build.0 = Release|Any CPU
		{836F1341-07F1-4D1B-B433-7CC2FB999934}.Debug|Any CPU.ActiveCfg = Debug|Any CPU
		{836F1341-07F1-4D1B-B433-7CC2FB999934}.Debug|Any CPU.Build.0 = Debug|Any CPU
		{836F1341-07F1-4D1B-B433-7CC2FB999934}.Release|Any CPU.ActiveCfg = Release|Any CPU
		{836F1341-07F1-4D1B-B433-7CC2FB999934}.Release|Any CPU.Build.0 = Release|Any CPU
	EndGlobalSection
	GlobalSection(SolutionProperties) = preSolution
		HideSolutionNode = FALSE
	EndGlobalSection
	GlobalSection(NestedProjects) = preSolution
		{F4E0A6FC-E841-4070-93C5-290D7B084CD6} = {8A58945C-1E28-4A08-A9AD-906C2A780364}
		{A1D79EDB-24A9-4E72-896E-4D3CA05600EF} = {A0F9948B-203F-4E4A-B330-F46B29C65186}
		{836F1341-07F1-4D1B-B433-7CC2FB999934} = {46225400-60F6-42B0-97B7-B0D3FEB57416}
	EndGlobalSection
	GlobalSection(ExtensibilityGlobals) = postSolution
		SolutionGuid = {40540ED1-594E-44FD-940A-018ED0678180}
	EndGlobalSection
EndGlobal
